
Microsoft Visual Studio Solution File, Format Version 12.00
# Visual Studio Version 17
VisualStudioVersion = 17.11.35327.3
MinimumVisualStudioVersion = 10.0.40219.1
Project("{2150E333-8FDC-42A3-9474-1A3956D46DE8}") = "Services", "Services", "{63B6F9A1-8ACD-42C9-B915-17665793ADA4}"
EndProject
Project("{2150E333-8FDC-42A3-9474-1A3956D46DE8}") = "Catalog", "Catalog", "{42BDD78F-5246-477A-851F-C3BDCBC22B2E}"
EndProject
Project("{2150E333-8FDC-42A3-9474-1A3956D46DE8}") = "Discount", "Discount", "{B65EEACC-6A70-4E89-96C9-525F20419FA7}"
EndProject
Project("{FAE04EC0-301F-11D3-BF4B-00C04F79EFBC}") = "MS.Discount", "Services\Discount\MS.Discount\MS.Discount.csproj", "{0F21698F-77D3-4267-AEEB-D5D764BAAB8C}"
EndProject
Project("{2150E333-8FDC-42A3-9474-1A3956D46DE8}") = "Order", "Order", "{58F0EC87-701B-4E9C-8F0A-DA50F6143014}"
EndProject
Project("{FAE04EC0-301F-11D3-BF4B-00C04F79EFBC}") = "MS.Catalog", "Services\Catalog\MS.Catalog\MS.Catalog.csproj", "{24CA970A-B4A5-49F0-AF98-D06A7604F631}"
EndProject
Project("{2150E333-8FDC-42A3-9474-1A3956D46DE8}") = "Core", "Core", "{9FEC5DEB-9DB1-4A0A-9FEE-DE92EFFA7EED}"
EndProject
Project("{2150E333-8FDC-42A3-9474-1A3956D46DE8}") = "Infrastructure", "Infrastructure", "{95338FCF-4A2A-4CF8-86EC-2A3DB8C91363}"
EndProject
Project("{2150E333-8FDC-42A3-9474-1A3956D46DE8}") = "Presentation", "Presentation", "{1F4BAF63-FC62-41C1-A216-246CDC492963}"
EndProject
Project("{FAE04EC0-301F-11D3-BF4B-00C04F79EFBC}") = "MS.Order.Domain", "Services\Order\Core\MS.Order.Domain\MS.Order.Domain.csproj", "{CF857667-762C-4FB2-8978-AD2948002AFE}"
EndProject
Project("{FAE04EC0-301F-11D3-BF4B-00C04F79EFBC}") = "MS.Order.Application", "Services\Order\Core\MS.Order.Application\MS.Order.Application.csproj", "{B6F76AD1-B51E-4F8E-BDCA-EA0D949285DE}"
EndProject
Project("{FAE04EC0-301F-11D3-BF4B-00C04F79EFBC}") = "MS.Order.Persistence", "Services\Order\Infrastructure\MS.Order.Persistence\MS.Order.Persistence.csproj", "{2E3EE1F7-A24B-47F1-88F9-6BBABC005322}"
EndProject
Project("{FAE04EC0-301F-11D3-BF4B-00C04F79EFBC}") = "MS.Order.WebApi", "Services\Order\Presentation\MS.Order.WebApi\MS.Order.WebApi.csproj", "{86BC2DB9-2006-48F0-80CE-F7D6F1AD5595}"
EndProject
Project("{2150E333-8FDC-42A3-9474-1A3956D46DE8}") = "IdentityServer", "IdentityServer", "{F0D1C278-5756-409D-A342-2B4253F97F18}"
EndProject
Project("{FAE04EC0-301F-11D3-BF4B-00C04F79EFBC}") = "MS.IdentityServer", "IdentityServer\MS.IdentityServer\MS.IdentityServer.csproj", "{B316C1EC-4128-49D1-B517-81A9D7B470B5}"
EndProject
Project("{2150E333-8FDC-42A3-9474-1A3956D46DE8}") = "Requirements", "Requirements", "{03DFA9F1-52A8-47FE-8809-E1F6BD4FF4D1}"
	ProjectSection(SolutionItems) = preProject
		PortNumbers.txt = PortNumbers.txt
	EndProjectSection
EndProject
Project("{2150E333-8FDC-42A3-9474-1A3956D46DE8}") = "Cargo", "Cargo", "{0A3E8278-C50F-449C-A072-B790A20114BE}"
EndProject
Project("{FAE04EC0-301F-11D3-BF4B-00C04F79EFBC}") = "MS.Cargo.EL", "Services\Cargo\MS.Cargo.EL\MS.Cargo.EL.csproj", "{40D044EB-32CE-4CB8-9923-D8C8D6280597}"
EndProject
Project("{FAE04EC0-301F-11D3-BF4B-00C04F79EFBC}") = "MS.Cargo.BL", "Services\Cargo\MS.Cargo.BL\MS.Cargo.BL.csproj", "{63AFAC74-995B-4569-9B15-68D5E292E6F8}"
EndProject
Project("{FAE04EC0-301F-11D3-BF4B-00C04F79EFBC}") = "MS.Cargo.DAL", "Services\Cargo\MS.Cargo.DAL\MS.Cargo.DAL.csproj", "{5406139C-51EC-4E2E-8467-AB8CC5C2A990}"
EndProject
Project("{FAE04EC0-301F-11D3-BF4B-00C04F79EFBC}") = "MS.Cargo.DtoL", "Services\Cargo\MS.Cargo.DtoL\MS.Cargo.DtoL.csproj", "{90DBD6B1-A0E0-40DA-A7AB-93A062508227}"
EndProject
Project("{FAE04EC0-301F-11D3-BF4B-00C04F79EFBC}") = "MS.Cargo.WebApi", "Services\Cargo\MS.Cargo.WebApi\MS.Cargo.WebApi.csproj", "{700B527D-978C-4E8C-82F7-EED1A3C5E4E6}"
EndProject
Global
	GlobalSection(SolutionConfigurationPlatforms) = preSolution
		Debug|Any CPU = Debug|Any CPU
		Release|Any CPU = Release|Any CPU
	EndGlobalSection
	GlobalSection(ProjectConfigurationPlatforms) = postSolution
		{0F21698F-77D3-4267-AEEB-D5D764BAAB8C}.Debug|Any CPU.ActiveCfg = Debug|Any CPU
		{0F21698F-77D3-4267-AEEB-D5D764BAAB8C}.Debug|Any CPU.Build.0 = Debug|Any CPU
		{0F21698F-77D3-4267-AEEB-D5D764BAAB8C}.Release|Any CPU.ActiveCfg = Release|Any CPU
		{0F21698F-77D3-4267-AEEB-D5D764BAAB8C}.Release|Any CPU.Build.0 = Release|Any CPU
		{24CA970A-B4A5-49F0-AF98-D06A7604F631}.Debug|Any CPU.ActiveCfg = Debug|Any CPU
		{24CA970A-B4A5-49F0-AF98-D06A7604F631}.Debug|Any CPU.Build.0 = Debug|Any CPU
		{24CA970A-B4A5-49F0-AF98-D06A7604F631}.Release|Any CPU.ActiveCfg = Release|Any CPU
		{24CA970A-B4A5-49F0-AF98-D06A7604F631}.Release|Any CPU.Build.0 = Release|Any CPU
		{CF857667-762C-4FB2-8978-AD2948002AFE}.Debug|Any CPU.ActiveCfg = Debug|Any CPU
		{CF857667-762C-4FB2-8978-AD2948002AFE}.Debug|Any CPU.Build.0 = Debug|Any CPU
		{CF857667-762C-4FB2-8978-AD2948002AFE}.Release|Any CPU.ActiveCfg = Release|Any CPU
		{CF857667-762C-4FB2-8978-AD2948002AFE}.Release|Any CPU.Build.0 = Release|Any CPU
		{B6F76AD1-B51E-4F8E-BDCA-EA0D949285DE}.Debug|Any CPU.ActiveCfg = Debug|Any CPU
		{B6F76AD1-B51E-4F8E-BDCA-EA0D949285DE}.Debug|Any CPU.Build.0 = Debug|Any CPU
		{B6F76AD1-B51E-4F8E-BDCA-EA0D949285DE}.Release|Any CPU.ActiveCfg = Release|Any CPU
		{B6F76AD1-B51E-4F8E-BDCA-EA0D949285DE}.Release|Any CPU.Build.0 = Release|Any CPU
		{2E3EE1F7-A24B-47F1-88F9-6BBABC005322}.Debug|Any CPU.ActiveCfg = Debug|Any CPU
		{2E3EE1F7-A24B-47F1-88F9-6BBABC005322}.Debug|Any CPU.Build.0 = Debug|Any CPU
		{2E3EE1F7-A24B-47F1-88F9-6BBABC005322}.Release|Any CPU.ActiveCfg = Release|Any CPU
		{2E3EE1F7-A24B-47F1-88F9-6BBABC005322}.Release|Any CPU.Build.0 = Release|Any CPU
		{86BC2DB9-2006-48F0-80CE-F7D6F1AD5595}.Debug|Any CPU.ActiveCfg = Debug|Any CPU
		{86BC2DB9-2006-48F0-80CE-F7D6F1AD5595}.Debug|Any CPU.Build.0 = Debug|Any CPU
		{86BC2DB9-2006-48F0-80CE-F7D6F1AD5595}.Release|Any CPU.ActiveCfg = Release|Any CPU
		{86BC2DB9-2006-48F0-80CE-F7D6F1AD5595}.Release|Any CPU.Build.0 = Release|Any CPU
		{B316C1EC-4128-49D1-B517-81A9D7B470B5}.Debug|Any CPU.ActiveCfg = Debug|Any CPU
		{B316C1EC-4128-49D1-B517-81A9D7B470B5}.Debug|Any CPU.Build.0 = Debug|Any CPU
		{B316C1EC-4128-49D1-B517-81A9D7B470B5}.Release|Any CPU.ActiveCfg = Release|Any CPU
		{B316C1EC-4128-49D1-B517-81A9D7B470B5}.Release|Any CPU.Build.0 = Release|Any CPU
		{40D044EB-32CE-4CB8-9923-D8C8D6280597}.Debug|Any CPU.ActiveCfg = Debug|Any CPU
		{40D044EB-32CE-4CB8-9923-D8C8D6280597}.Debug|Any CPU.Build.0 = Debug|Any CPU
		{40D044EB-32CE-4CB8-9923-D8C8D6280597}.Release|Any CPU.ActiveCfg = Release|Any CPU
		{40D044EB-32CE-4CB8-9923-D8C8D6280597}.Release|Any CPU.Build.0 = Release|Any CPU
		{63AFAC74-995B-4569-9B15-68D5E292E6F8}.Debug|Any CPU.ActiveCfg = Debug|Any CPU
		{63AFAC74-995B-4569-9B15-68D5E292E6F8}.Debug|Any CPU.Build.0 = Debug|Any CPU
		{63AFAC74-995B-4569-9B15-68D5E292E6F8}.Release|Any CPU.ActiveCfg = Release|Any CPU
		{63AFAC74-995B-4569-9B15-68D5E292E6F8}.Release|Any CPU.Build.0 = Release|Any CPU
		{5406139C-51EC-4E2E-8467-AB8CC5C2A990}.Debug|Any CPU.ActiveCfg = Debug|Any CPU
		{5406139C-51EC-4E2E-8467-AB8CC5C2A990}.Debug|Any CPU.Build.0 = Debug|Any CPU
		{5406139C-51EC-4E2E-8467-AB8CC5C2A990}.Release|Any CPU.ActiveCfg = Release|Any CPU
		{5406139C-51EC-4E2E-8467-AB8CC5C2A990}.Release|Any CPU.Build.0 = Release|Any CPU
		{90DBD6B1-A0E0-40DA-A7AB-93A062508227}.Debug|Any CPU.ActiveCfg = Debug|Any CPU
		{90DBD6B1-A0E0-40DA-A7AB-93A062508227}.Debug|Any CPU.Build.0 = Debug|Any CPU
		{90DBD6B1-A0E0-40DA-A7AB-93A062508227}.Release|Any CPU.ActiveCfg = Release|Any CPU
		{90DBD6B1-A0E0-40DA-A7AB-93A062508227}.Release|Any CPU.Build.0 = Release|Any CPU
		{700B527D-978C-4E8C-82F7-EED1A3C5E4E6}.Debug|Any CPU.ActiveCfg = Debug|Any CPU
		{700B527D-978C-4E8C-82F7-EED1A3C5E4E6}.Debug|Any CPU.Build.0 = Debug|Any CPU
		{700B527D-978C-4E8C-82F7-EED1A3C5E4E6}.Release|Any CPU.ActiveCfg = Release|Any CPU
		{700B527D-978C-4E8C-82F7-EED1A3C5E4E6}.Release|Any CPU.Build.0 = Release|Any CPU
	EndGlobalSection
	GlobalSection(SolutionProperties) = preSolution
		HideSolutionNode = FALSE
	EndGlobalSection
	GlobalSection(NestedProjects) = preSolution
		{42BDD78F-5246-477A-851F-C3BDCBC22B2E} = {63B6F9A1-8ACD-42C9-B915-17665793ADA4}
		{B65EEACC-6A70-4E89-96C9-525F20419FA7} = {63B6F9A1-8ACD-42C9-B915-17665793ADA4}
		{0F21698F-77D3-4267-AEEB-D5D764BAAB8C} = {B65EEACC-6A70-4E89-96C9-525F20419FA7}
		{58F0EC87-701B-4E9C-8F0A-DA50F6143014} = {63B6F9A1-8ACD-42C9-B915-17665793ADA4}
		{24CA970A-B4A5-49F0-AF98-D06A7604F631} = {42BDD78F-5246-477A-851F-C3BDCBC22B2E}
		{9FEC5DEB-9DB1-4A0A-9FEE-DE92EFFA7EED} = {58F0EC87-701B-4E9C-8F0A-DA50F6143014}
		{95338FCF-4A2A-4CF8-86EC-2A3DB8C91363} = {58F0EC87-701B-4E9C-8F0A-DA50F6143014}
		{1F4BAF63-FC62-41C1-A216-246CDC492963} = {58F0EC87-701B-4E9C-8F0A-DA50F6143014}
		{CF857667-762C-4FB2-8978-AD2948002AFE} = {9FEC5DEB-9DB1-4A0A-9FEE-DE92EFFA7EED}
		{B6F76AD1-B51E-4F8E-BDCA-EA0D949285DE} = {9FEC5DEB-9DB1-4A0A-9FEE-DE92EFFA7EED}
		{2E3EE1F7-A24B-47F1-88F9-6BBABC005322} = {95338FCF-4A2A-4CF8-86EC-2A3DB8C91363}
		{86BC2DB9-2006-48F0-80CE-F7D6F1AD5595} = {1F4BAF63-FC62-41C1-A216-246CDC492963}
		{B316C1EC-4128-49D1-B517-81A9D7B470B5} = {F0D1C278-5756-409D-A342-2B4253F97F18}
		{0A3E8278-C50F-449C-A072-B790A20114BE} = {63B6F9A1-8ACD-42C9-B915-17665793ADA4}
		{40D044EB-32CE-4CB8-9923-D8C8D6280597} = {0A3E8278-C50F-449C-A072-B790A20114BE}
		{63AFAC74-995B-4569-9B15-68D5E292E6F8} = {0A3E8278-C50F-449C-A072-B790A20114BE}
		{5406139C-51EC-4E2E-8467-AB8CC5C2A990} = {0A3E8278-C50F-449C-A072-B790A20114BE}
		{90DBD6B1-A0E0-40DA-A7AB-93A062508227} = {0A3E8278-C50F-449C-A072-B790A20114BE}
		{700B527D-978C-4E8C-82F7-EED1A3C5E4E6} = {0A3E8278-C50F-449C-A072-B790A20114BE}
	EndGlobalSection
	GlobalSection(ExtensibilityGlobals) = postSolution
		SolutionGuid = {3390E1B8-EB8C-4892-B9A7-EDC7C5269B05}
	EndGlobalSection
EndGlobal
